
Microsoft Visual Studio Solution File, Format Version 12.00
# Visual Studio Version 16
VisualStudioVersion = 16.0.31729.503
MinimumVisualStudioVersion = 10.0.40219.1
Project("{FAE04EC0-301F-11D3-BF4B-00C04F79EFBC}") = "generator of passwords", "generator of passwords\generator of passwords.csproj", "{C4E991E5-4A8A-499E-B1DB-A00295933133}"
EndProject
Global
	GlobalSection(SolutionConfigurationPlatforms) = preSolution
		Debug|Any CPU = Debug|Any CPU
		Release|Any CPU = Release|Any CPU
	EndGlobalSection
	GlobalSection(ProjectConfigurationPlatforms) = postSolution
		{C4E991E5-4A8A-499E-B1DB-A00295933133}.Debug|Any CPU.ActiveCfg = Debug|Any CPU
		{C4E991E5-4A8A-499E-B1DB-A00295933133}.Debug|Any CPU.Build.0 = Debug|Any CPU
		{C4E991E5-4A8A-499E-B1DB-A00295933133}.Release|Any CPU.ActiveCfg = Release|Any CPU
		{C4E991E5-4A8A-499E-B1DB-A00295933133}.Release|Any CPU.Build.0 = Release|Any CPU
	EndGlobalSection
	GlobalSection(SolutionProperties) = preSolution
		HideSolutionNode = FALSE
	EndGlobalSection
	GlobalSection(ExtensibilityGlobals) = postSolution
		SolutionGuid = {A8C8BE34-6866-4A0E-9C17-09C43F37E537}
	EndGlobalSection
EndGlobal
